
Microsoft Visual Studio Solution File, Format Version 12.00
# Visual Studio 2012
Project("{FAE04EC0-301F-11D3-BF4B-00C04F79EFBC}") = "Katas", "Katas\Katas.csproj", "{BB040F06-4E5B-42B4-9397-3B3B9E0AC4C7}"
EndProject
Project("{FAE04EC0-301F-11D3-BF4B-00C04F79EFBC}") = "Katas.Tests", "Katas.Tests\Katas.Tests.csproj", "{A0F0A740-4527-482E-AC55-3488F79C504F}"
EndProject
Global
	GlobalSection(SolutionConfigurationPlatforms) = preSolution
		Debug|Any CPU = Debug|Any CPU
		Release|Any CPU = Release|Any CPU
	EndGlobalSection
	GlobalSection(ProjectConfigurationPlatforms) = postSolution
		{BB040F06-4E5B-42B4-9397-3B3B9E0AC4C7}.Debug|Any CPU.ActiveCfg = Debug|Any CPU
		{BB040F06-4E5B-42B4-9397-3B3B9E0AC4C7}.Debug|Any CPU.Build.0 = Debug|Any CPU
		{BB040F06-4E5B-42B4-9397-3B3B9E0AC4C7}.Release|Any CPU.ActiveCfg = Release|Any CPU
		{BB040F06-4E5B-42B4-9397-3B3B9E0AC4C7}.Release|Any CPU.Build.0 = Release|Any CPU
		{A0F0A740-4527-482E-AC55-3488F79C504F}.Debug|Any CPU.ActiveCfg = Debug|Any CPU
		{A0F0A740-4527-482E-AC55-3488F79C504F}.Debug|Any CPU.Build.0 = Debug|Any CPU
		{A0F0A740-4527-482E-AC55-3488F79C504F}.Release|Any CPU.ActiveCfg = Release|Any CPU
		{A0F0A740-4527-482E-AC55-3488F79C504F}.Release|Any CPU.Build.0 = Release|Any CPU
	EndGlobalSection
	GlobalSection(SolutionProperties) = preSolution
		HideSolutionNode = FALSE
	EndGlobalSection
EndGlobal
